{
  "name": "buy-01",
  "lockfileVersion": 3,
  "requires": true,
  "packages": {
    "": {
      "dependencies": {
        "@angular/common": "^19.1.6",
        "@angular/compiler": "^19.1.6",
        "@angular/core": "^19.1.6",
        "@angular/forms": "^19.1.6",
        "@angular/platform-browser": "^19.1.6",
        "@angular/platform-browser-dynamic": "^19.1.6",
        "@angular/router": "^19.1.6"
      },
      "devDependencies": {
        "@types/node": "^22.13.4",
        "@types/tailwindcss": "^3.0.11",
        "tailwindcss": "^4.0.7"
      }
    },
    "node_modules/@angular/common": {
      "version": "19.1.6",
      "resolved": "https://registry.npmjs.org/@angular/common/-/common-19.1.6.tgz",
      "integrity": "sha512-FkuejwbxsOLhcyOgDM/7YEYvMG3tuyOvr+831VzPwMwYp5QO9AUYtn4ffGf698JccbA+Ocw3BAdhPU6i+YZC1A==",
      "license": "MIT",
      "dependencies": {
        "tslib": "^2.3.0"
      },
      "engines": {
        "node": "^18.19.1 || ^20.11.1 || >=22.0.0"
      },
      "peerDependencies": {
        "@angular/core": "19.1.6",
        "rxjs": "^6.5.3 || ^7.4.0"
      }
    },
    "node_modules/@angular/compiler": {
      "version": "19.1.6",
      "resolved": "https://registry.npmjs.org/@angular/compiler/-/compiler-19.1.6.tgz",
      "integrity": "sha512-Tl2PFEtnU8UgSqtEKG827xDUGZrErhR6S1JICeV1kbRCYmwQA4hhG25tzi+ifSAOPW7eJiyzP2LWIvOuZkq3Vw==",
      "license": "MIT",
      "dependencies": {
        "tslib": "^2.3.0"
      },
      "engines": {
        "node": "^18.19.1 || ^20.11.1 || >=22.0.0"
      },
      "peerDependencies": {
        "@angular/core": "19.1.6"
      },
      "peerDependenciesMeta": {
        "@angular/core": {
          "optional": true
        }
      }
    },
    "node_modules/@angular/core": {
      "version": "19.1.6",
      "resolved": "https://registry.npmjs.org/@angular/core/-/core-19.1.6.tgz",
      "integrity": "sha512-FD167URT+apxjzj9sG/MzffW5G6YyQiPQ6nrrIoYi9jeY3LYurybuOgvcXrU8PT4Z3+CKMq9k/ZnmrlHU72BpA==",
      "license": "MIT",
      "dependencies": {
        "tslib": "^2.3.0"
      },
      "engines": {
        "node": "^18.19.1 || ^20.11.1 || >=22.0.0"
      },
      "peerDependencies": {
        "rxjs": "^6.5.3 || ^7.4.0",
        "zone.js": "~0.15.0"
      }
    },
    "node_modules/@angular/forms": {
      "version": "19.1.6",
      "resolved": "https://registry.npmjs.org/@angular/forms/-/forms-19.1.6.tgz",
      "integrity": "sha512-uu/76KAwCAcDuhD67Vv78UvOC/tiprtFXOgqNCj0LK8vyFcvPsunb3nF/PtfF9rSHyslXAqxZhME+Ha2tU6Lpw==",
      "license": "MIT",
      "dependencies": {
        "tslib": "^2.3.0"
      },
      "engines": {
        "node": "^18.19.1 || ^20.11.1 || >=22.0.0"
      },
      "peerDependencies": {
        "@angular/common": "19.1.6",
        "@angular/core": "19.1.6",
        "@angular/platform-browser": "19.1.6",
        "rxjs": "^6.5.3 || ^7.4.0"
      }
    },
    "node_modules/@angular/platform-browser": {
      "version": "19.1.6",
      "resolved": "https://registry.npmjs.org/@angular/platform-browser/-/platform-browser-19.1.6.tgz",
      "integrity": "sha512-sfWU+gMpqQ6GYtE3tAfDktftC01NgtqAOKfeCQ/KY2rxRTIxYahenW0Licuzgmd+8AZtmncoZaYX0Fd/5XMqzQ==",
      "license": "MIT",
      "dependencies": {
        "tslib": "^2.3.0"
      },
      "engines": {
        "node": "^18.19.1 || ^20.11.1 || >=22.0.0"
      },
      "peerDependencies": {
        "@angular/animations": "19.1.6",
        "@angular/common": "19.1.6",
        "@angular/core": "19.1.6"
      },
      "peerDependenciesMeta": {
        "@angular/animations": {
          "optional": true
        }
      }
    },
    "node_modules/@angular/platform-browser-dynamic": {
      "version": "19.1.6",
      "resolved": "https://registry.npmjs.org/@angular/platform-browser-dynamic/-/platform-browser-dynamic-19.1.6.tgz",
      "integrity": "sha512-QedjG7/ctPtzgJ3LcWv4yMcSivKlwcZ8ge8zPe7eu9Ft6mDZZat65gJEjDuvevJoeNbo2dQODFDiyPJNmnNA9A==",
      "license": "MIT",
      "dependencies": {
        "tslib": "^2.3.0"
      },
      "engines": {
        "node": "^18.19.1 || ^20.11.1 || >=22.0.0"
      },
      "peerDependencies": {
        "@angular/common": "19.1.6",
        "@angular/compiler": "19.1.6",
        "@angular/core": "19.1.6",
        "@angular/platform-browser": "19.1.6"
      }
    },
    "node_modules/@angular/router": {
      "version": "19.1.6",
      "resolved": "https://registry.npmjs.org/@angular/router/-/router-19.1.6.tgz",
      "integrity": "sha512-TEfw3W5jVodVDMD4krhXGog1THZN3x1yoh2oZmCv3lXg22+pVC6Cp+x3vVExq0mS+g3/6uZwy/3qAYdlzqYjTg==",
      "license": "MIT",
      "dependencies": {
        "tslib": "^2.3.0"
      },
      "engines": {
        "node": "^18.19.1 || ^20.11.1 || >=22.0.0"
      },
      "peerDependencies": {
        "@angular/common": "19.1.6",
        "@angular/core": "19.1.6",
        "@angular/platform-browser": "19.1.6",
        "rxjs": "^6.5.3 || ^7.4.0"
      }
    },
    "node_modules/@types/node": {
      "version": "22.13.4",
      "resolved": "https://registry.npmjs.org/@types/node/-/node-22.13.4.tgz",
      "integrity": "sha512-ywP2X0DYtX3y08eFVx5fNIw7/uIv8hYUKgXoK8oayJlLnKcRfEYCxWMVE1XagUdVtCJlZT1AU4LXEABW+L1Peg==",
      "dev": true,
      "license": "MIT",
      "dependencies": {
        "undici-types": "~6.20.0"
      }
    },
    "node_modules/@types/tailwindcss": {
      "version": "3.0.11",
      "resolved": "https://registry.npmjs.org/@types/tailwindcss/-/tailwindcss-3.0.11.tgz",
      "integrity": "sha512-PR+BOIrI+rxteHwFvkfIOty+PDJwTG4ute3alxSSXpF/xKpryO1room265m46Auyae0VwqUYs3PuVEOF9Oil3w==",
      "dev": true,
      "license": "MIT"
    },
    "node_modules/rxjs": {
      "version": "7.8.1",
      "resolved": "https://registry.npmjs.org/rxjs/-/rxjs-7.8.1.tgz",
      "integrity": "sha512-AA3TVj+0A2iuIoQkWEK/tqFjBq2j+6PO6Y0zJcvzLAFhEFIO3HL0vls9hWLncZbAAbK0mar7oZ4V079I/qPMxg==",
      "license": "Apache-2.0",
      "peer": true,
      "dependencies": {
        "tslib": "^2.1.0"
      }
    },
    "node_modules/tailwindcss": {
      "version": "4.0.7",
      "resolved": "https://registry.npmjs.org/tailwindcss/-/tailwindcss-4.0.7.tgz",
      "integrity": "sha512-yH5bPPyapavo7L+547h3c4jcBXcrKwybQRjwdEIVAd9iXRvy/3T1CC6XSQEgZtRySjKfqvo3Cc0ZF1DTheuIdA==",
      "dev": true,
      "license": "MIT"
    },
    "node_modules/tslib": {
      "version": "2.8.1",
      "resolved": "https://registry.npmjs.org/tslib/-/tslib-2.8.1.tgz",
      "integrity": "sha512-oJFu94HQb+KVduSUQL7wnpmqnfmLsOA/nAh6b6EH0wCEoK0/mPeXU6c3wKDV83MkOuHPRHtSXKKU99IBazS/2w==",
      "license": "0BSD"
    },
    "node_modules/undici-types": {
      "version": "6.20.0",
      "resolved": "https://registry.npmjs.org/undici-types/-/undici-types-6.20.0.tgz",
      "integrity": "sha512-Ny6QZ2Nju20vw1SRHe3d9jVu6gJ+4e3+MMpqu7pqE5HT6WsTSlce++GQmK5UXS8mzV8DSYHrQH+Xrf2jVcuKNg==",
      "dev": true,
      "license": "MIT"
    },
    "node_modules/zone.js": {
      "version": "0.15.0",
      "resolved": "https://registry.npmjs.org/zone.js/-/zone.js-0.15.0.tgz",
      "integrity": "sha512-9oxn0IIjbCZkJ67L+LkhYWRyAy7axphb3VgE2MBDlOqnmHMPWGYMxJxBYFueFq/JGY2GMwS0rU+UCLunEmy5UA==",
      "license": "MIT",
      "peer": true
    }
  }
}
